
Microsoft Visual Studio Solution File, Format Version 12.00
# Visual Studio Version 17
VisualStudioVersion = 17.0.31903.59
MinimumVisualStudioVersion = 10.0.40219.1
Project("{2150E333-8FDC-42A3-9474-1A3956D46DE8}") = "src", "src", "{8A936780-8AC4-4B96-9A87-D9AFD2A94034}"
EndProject
Project("{9A19103F-16F7-4668-BE54-9A1E7A4F7556}") = "Core", "src\Core\Core.csproj", "{5905E313-693E-46BB-A360-9EB3C4E19583}"
EndProject
Project("{9A19103F-16F7-4668-BE54-9A1E7A4F7556}") = "Lexer", "src\Lexer\Lexer.csproj", "{B9A654E2-B7ED-4F34-9DED-839CA1E7F57D}"
EndProject
Project("{2150E333-8FDC-42A3-9474-1A3956D46DE8}") = "Solution Items", "Solution Items", "{F2605C33-5F8A-43EE-B312-1BDF4B93CCD6}"
	ProjectSection(SolutionItems) = preProject
		.editorconfig = .editorconfig
		.gitignore = .gitignore
		.github\workflows\build-and-test.yaml = .github\workflows\build-and-test.yaml
	EndProjectSection
EndProject
Project("{2150E333-8FDC-42A3-9474-1A3956D46DE8}") = "test", "test", "{00652D29-ADD3-4B44-A224-4C425B27F46D}"
EndProject
Project("{9A19103F-16F7-4668-BE54-9A1E7A4F7556}") = "Unit", "test\Unit\Unit.csproj", "{27EECA33-FC01-4E47-A2CB-067E15C9C920}"
EndProject
Project("{FAE04EC0-301F-11D3-BF4B-00C04F79EFBC}") = "Parser", "src\Parser\Parser.csproj", "{55735335-815B-49E1-809C-2F5D1C878E04}"
EndProject
Global
	GlobalSection(SolutionConfigurationPlatforms) = preSolution
		Debug|Any CPU = Debug|Any CPU
		Release|Any CPU = Release|Any CPU
	EndGlobalSection
	GlobalSection(ProjectConfigurationPlatforms) = postSolution
		{5905E313-693E-46BB-A360-9EB3C4E19583}.Debug|Any CPU.ActiveCfg = Debug|Any CPU
		{5905E313-693E-46BB-A360-9EB3C4E19583}.Debug|Any CPU.Build.0 = Debug|Any CPU
		{5905E313-693E-46BB-A360-9EB3C4E19583}.Release|Any CPU.ActiveCfg = Release|Any CPU
		{5905E313-693E-46BB-A360-9EB3C4E19583}.Release|Any CPU.Build.0 = Release|Any CPU
		{B9A654E2-B7ED-4F34-9DED-839CA1E7F57D}.Debug|Any CPU.ActiveCfg = Debug|Any CPU
		{B9A654E2-B7ED-4F34-9DED-839CA1E7F57D}.Debug|Any CPU.Build.0 = Debug|Any CPU
		{B9A654E2-B7ED-4F34-9DED-839CA1E7F57D}.Release|Any CPU.ActiveCfg = Release|Any CPU
		{B9A654E2-B7ED-4F34-9DED-839CA1E7F57D}.Release|Any CPU.Build.0 = Release|Any CPU
		{27EECA33-FC01-4E47-A2CB-067E15C9C920}.Debug|Any CPU.ActiveCfg = Debug|Any CPU
		{27EECA33-FC01-4E47-A2CB-067E15C9C920}.Debug|Any CPU.Build.0 = Debug|Any CPU
		{27EECA33-FC01-4E47-A2CB-067E15C9C920}.Release|Any CPU.ActiveCfg = Release|Any CPU
		{27EECA33-FC01-4E47-A2CB-067E15C9C920}.Release|Any CPU.Build.0 = Release|Any CPU
		{55735335-815B-49E1-809C-2F5D1C878E04}.Debug|Any CPU.ActiveCfg = Debug|Any CPU
		{55735335-815B-49E1-809C-2F5D1C878E04}.Debug|Any CPU.Build.0 = Debug|Any CPU
		{55735335-815B-49E1-809C-2F5D1C878E04}.Release|Any CPU.ActiveCfg = Release|Any CPU
		{55735335-815B-49E1-809C-2F5D1C878E04}.Release|Any CPU.Build.0 = Release|Any CPU
	EndGlobalSection
	GlobalSection(SolutionProperties) = preSolution
		HideSolutionNode = FALSE
	EndGlobalSection
	GlobalSection(NestedProjects) = preSolution
		{5905E313-693E-46BB-A360-9EB3C4E19583} = {8A936780-8AC4-4B96-9A87-D9AFD2A94034}
		{B9A654E2-B7ED-4F34-9DED-839CA1E7F57D} = {8A936780-8AC4-4B96-9A87-D9AFD2A94034}
		{27EECA33-FC01-4E47-A2CB-067E15C9C920} = {00652D29-ADD3-4B44-A224-4C425B27F46D}
		{55735335-815B-49E1-809C-2F5D1C878E04} = {8A936780-8AC4-4B96-9A87-D9AFD2A94034}
	EndGlobalSection
	GlobalSection(ExtensibilityGlobals) = postSolution
		SolutionGuid = {D8650963-91DC-417D-A7A2-458AEC08001C}
	EndGlobalSection
EndGlobal
