
Microsoft Visual Studio Solution File, Format Version 12.00
# Visual Studio Version 17
VisualStudioVersion = 17.0.31903.59
MinimumVisualStudioVersion = 10.0.40219.1
Project("{2150E333-8FDC-42A3-9474-1A3956D46DE8}") = "src", "src", "{8A936780-8AC4-4B96-9A87-D9AFD2A94034}"
EndProject
Project("{9A19103F-16F7-4668-BE54-9A1E7A4F7556}") = "Lexer", "src\Lexer\Lexer.csproj", "{B9A654E2-B7ED-4F34-9DED-839CA1E7F57D}"
EndProject
Project("{2150E333-8FDC-42A3-9474-1A3956D46DE8}") = "Solution Items", "Solution Items", "{F2605C33-5F8A-43EE-B312-1BDF4B93CCD6}"
	ProjectSection(SolutionItems) = preProject
		.editorconfig = .editorconfig
		.gitignore = .gitignore
		.github\workflows\build-and-test.yaml = .github\workflows\build-and-test.yaml
		LICENSE = LICENSE
		README.md = README.md
	EndProjectSection
EndProject
Project("{2150E333-8FDC-42A3-9474-1A3956D46DE8}") = "test", "test", "{00652D29-ADD3-4B44-A224-4C425B27F46D}"
EndProject
Project("{9A19103F-16F7-4668-BE54-9A1E7A4F7556}") = "Unit", "test\Unit\Unit.csproj", "{27EECA33-FC01-4E47-A2CB-067E15C9C920}"
EndProject
Project("{9A19103F-16F7-4668-BE54-9A1E7A4F7556}") = "Parser", "src\Parser\Parser.csproj", "{55735335-815B-49E1-809C-2F5D1C878E04}"
EndProject
Project("{9A19103F-16F7-4668-BE54-9A1E7A4F7556}") = "Interpreter", "src\Interpreter\Interpreter.csproj", "{F4A54E61-B6D6-46D3-932D-ED80D3FF38C7}"
EndProject
Project("{9A19103F-16F7-4668-BE54-9A1E7A4F7556}") = "Integration", "test\Integration\Integration.csproj", "{9082FA1D-ABA0-406D-9E6E-885326150FCC}"
EndProject
Project("{9A19103F-16F7-4668-BE54-9A1E7A4F7556}") = "EvalExpression", "src\EvalExpression\EvalExpression.csproj", "{A30EEC1B-41C8-42CE-98F0-901CF740B9D0}"
EndProject
Global
	GlobalSection(SolutionConfigurationPlatforms) = preSolution
		Debug|Any CPU = Debug|Any CPU
		Release|Any CPU = Release|Any CPU
	EndGlobalSection
	GlobalSection(ProjectConfigurationPlatforms) = postSolution
		{B9A654E2-B7ED-4F34-9DED-839CA1E7F57D}.Debug|Any CPU.ActiveCfg = Debug|Any CPU
		{B9A654E2-B7ED-4F34-9DED-839CA1E7F57D}.Debug|Any CPU.Build.0 = Debug|Any CPU
		{B9A654E2-B7ED-4F34-9DED-839CA1E7F57D}.Release|Any CPU.ActiveCfg = Release|Any CPU
		{B9A654E2-B7ED-4F34-9DED-839CA1E7F57D}.Release|Any CPU.Build.0 = Release|Any CPU
		{27EECA33-FC01-4E47-A2CB-067E15C9C920}.Debug|Any CPU.ActiveCfg = Debug|Any CPU
		{27EECA33-FC01-4E47-A2CB-067E15C9C920}.Debug|Any CPU.Build.0 = Debug|Any CPU
		{27EECA33-FC01-4E47-A2CB-067E15C9C920}.Release|Any CPU.ActiveCfg = Release|Any CPU
		{27EECA33-FC01-4E47-A2CB-067E15C9C920}.Release|Any CPU.Build.0 = Release|Any CPU
		{55735335-815B-49E1-809C-2F5D1C878E04}.Debug|Any CPU.ActiveCfg = Debug|Any CPU
		{55735335-815B-49E1-809C-2F5D1C878E04}.Debug|Any CPU.Build.0 = Debug|Any CPU
		{55735335-815B-49E1-809C-2F5D1C878E04}.Release|Any CPU.ActiveCfg = Release|Any CPU
		{55735335-815B-49E1-809C-2F5D1C878E04}.Release|Any CPU.Build.0 = Release|Any CPU
		{F4A54E61-B6D6-46D3-932D-ED80D3FF38C7}.Debug|Any CPU.ActiveCfg = Debug|Any CPU
		{F4A54E61-B6D6-46D3-932D-ED80D3FF38C7}.Debug|Any CPU.Build.0 = Debug|Any CPU
		{F4A54E61-B6D6-46D3-932D-ED80D3FF38C7}.Release|Any CPU.ActiveCfg = Release|Any CPU
		{F4A54E61-B6D6-46D3-932D-ED80D3FF38C7}.Release|Any CPU.Build.0 = Release|Any CPU
		{9082FA1D-ABA0-406D-9E6E-885326150FCC}.Debug|Any CPU.ActiveCfg = Debug|Any CPU
		{9082FA1D-ABA0-406D-9E6E-885326150FCC}.Debug|Any CPU.Build.0 = Debug|Any CPU
		{9082FA1D-ABA0-406D-9E6E-885326150FCC}.Release|Any CPU.ActiveCfg = Release|Any CPU
		{9082FA1D-ABA0-406D-9E6E-885326150FCC}.Release|Any CPU.Build.0 = Release|Any CPU
		{A30EEC1B-41C8-42CE-98F0-901CF740B9D0}.Debug|Any CPU.ActiveCfg = Debug|Any CPU
		{A30EEC1B-41C8-42CE-98F0-901CF740B9D0}.Debug|Any CPU.Build.0 = Debug|Any CPU
		{A30EEC1B-41C8-42CE-98F0-901CF740B9D0}.Release|Any CPU.ActiveCfg = Release|Any CPU
		{A30EEC1B-41C8-42CE-98F0-901CF740B9D0}.Release|Any CPU.Build.0 = Release|Any CPU
	EndGlobalSection
	GlobalSection(SolutionProperties) = preSolution
		HideSolutionNode = FALSE
	EndGlobalSection
	GlobalSection(NestedProjects) = preSolution
		{B9A654E2-B7ED-4F34-9DED-839CA1E7F57D} = {8A936780-8AC4-4B96-9A87-D9AFD2A94034}
		{27EECA33-FC01-4E47-A2CB-067E15C9C920} = {00652D29-ADD3-4B44-A224-4C425B27F46D}
		{55735335-815B-49E1-809C-2F5D1C878E04} = {8A936780-8AC4-4B96-9A87-D9AFD2A94034}
		{F4A54E61-B6D6-46D3-932D-ED80D3FF38C7} = {8A936780-8AC4-4B96-9A87-D9AFD2A94034}
		{9082FA1D-ABA0-406D-9E6E-885326150FCC} = {00652D29-ADD3-4B44-A224-4C425B27F46D}
		{A30EEC1B-41C8-42CE-98F0-901CF740B9D0} = {8A936780-8AC4-4B96-9A87-D9AFD2A94034}
	EndGlobalSection
	GlobalSection(ExtensibilityGlobals) = postSolution
		SolutionGuid = {D8650963-91DC-417D-A7A2-458AEC08001C}
	EndGlobalSection
EndGlobal
